
Microsoft Visual Studio Solution File, Format Version 12.00
# Visual Studio 15
VisualStudioVersion = 15.0.28307.572
MinimumVisualStudioVersion = 10.0.40219.1
Project("{FAE04EC0-301F-11D3-BF4B-00C04F79EFBC}") = "SocialNetwork", "SocialNetwork\SocialNetwork.csproj", "{B9334DE5-B8DE-45E0-A17D-15B81B10A226}"
EndProject
Global
	GlobalSection(SolutionConfigurationPlatforms) = preSolution
		Debug|Any CPU = Debug|Any CPU
		Release|Any CPU = Release|Any CPU
	EndGlobalSection
	GlobalSection(ProjectConfigurationPlatforms) = postSolution
		{B9334DE5-B8DE-45E0-A17D-15B81B10A226}.Debug|Any CPU.ActiveCfg = Debug|Any CPU
		{B9334DE5-B8DE-45E0-A17D-15B81B10A226}.Debug|Any CPU.Build.0 = Debug|Any CPU
		{B9334DE5-B8DE-45E0-A17D-15B81B10A226}.Release|Any CPU.ActiveCfg = Release|Any CPU
		{B9334DE5-B8DE-45E0-A17D-15B81B10A226}.Release|Any CPU.Build.0 = Release|Any CPU
	EndGlobalSection
	GlobalSection(SolutionProperties) = preSolution
		HideSolutionNode = FALSE
	EndGlobalSection
	GlobalSection(ExtensibilityGlobals) = postSolution
		SolutionGuid = {4993A977-A294-4466-A8AA-C4E7A2042F27}
	EndGlobalSection
EndGlobal
